
Microsoft Visual Studio Solution File, Format Version 12.00
# Visual Studio Version 16
VisualStudioVersion = 16.0.30621.155
MinimumVisualStudioVersion = 10.0.40219.1
Project("{2150E333-8FDC-42A3-9474-1A3956D46DE8}") = ".sln", ".sln", "{11F7E132-B586-4A81-9E0C-1029E184CDD1}"
	ProjectSection(SolutionItems) = preProject
		.gitignore = .gitignore
		appveyor.yml = appveyor.yml
		azure-pipelines.yml = azure-pipelines.yml
	EndProjectSection
EndProject
Project("{9A19103F-16F7-4668-BE54-9A1E7A4F7556}") = "Gu.Xml", "Gu.Xml\Gu.Xml.csproj", "{3D727659-3365-4ED4-B8AA-E853DFE8177B}"
EndProject
Project("{9A19103F-16F7-4668-BE54-9A1E7A4F7556}") = "Gu.Xml.Tests", "Gu.Xml.Tests\Gu.Xml.Tests.csproj", "{F4E1E8D1-04ED-4CFA-A0A7-D664ABAD280F}"
EndProject
Project("{9A19103F-16F7-4668-BE54-9A1E7A4F7556}") = "Gu.Xml.Benchmarks", "Gu.Xml.Benchmarks\Gu.Xml.Benchmarks.csproj", "{BCAAF91E-D6D5-44FF-9696-38A7EF4B43C9}"
EndProject
Project("{2150E333-8FDC-42A3-9474-1A3956D46DE8}") = ".docs", ".docs", "{B3D64A1F-281F-48CD-A90E-D8C608D5E853}"
	ProjectSection(SolutionItems) = preProject
		LICENSE = LICENSE
		README.md = README.md
	EndProjectSection
EndProject
Global
	GlobalSection(SolutionConfigurationPlatforms) = preSolution
		Debug|Any CPU = Debug|Any CPU
		Release|Any CPU = Release|Any CPU
	EndGlobalSection
	GlobalSection(ProjectConfigurationPlatforms) = postSolution
		{3D727659-3365-4ED4-B8AA-E853DFE8177B}.Debug|Any CPU.ActiveCfg = Debug|Any CPU
		{3D727659-3365-4ED4-B8AA-E853DFE8177B}.Debug|Any CPU.Build.0 = Debug|Any CPU
		{3D727659-3365-4ED4-B8AA-E853DFE8177B}.Release|Any CPU.ActiveCfg = Release|Any CPU
		{3D727659-3365-4ED4-B8AA-E853DFE8177B}.Release|Any CPU.Build.0 = Release|Any CPU
		{F4E1E8D1-04ED-4CFA-A0A7-D664ABAD280F}.Debug|Any CPU.ActiveCfg = Debug|Any CPU
		{F4E1E8D1-04ED-4CFA-A0A7-D664ABAD280F}.Debug|Any CPU.Build.0 = Debug|Any CPU
		{F4E1E8D1-04ED-4CFA-A0A7-D664ABAD280F}.Release|Any CPU.ActiveCfg = Release|Any CPU
		{F4E1E8D1-04ED-4CFA-A0A7-D664ABAD280F}.Release|Any CPU.Build.0 = Release|Any CPU
		{BCAAF91E-D6D5-44FF-9696-38A7EF4B43C9}.Debug|Any CPU.ActiveCfg = Debug|Any CPU
		{BCAAF91E-D6D5-44FF-9696-38A7EF4B43C9}.Debug|Any CPU.Build.0 = Debug|Any CPU
		{BCAAF91E-D6D5-44FF-9696-38A7EF4B43C9}.Release|Any CPU.ActiveCfg = Release|Any CPU
		{BCAAF91E-D6D5-44FF-9696-38A7EF4B43C9}.Release|Any CPU.Build.0 = Release|Any CPU
	EndGlobalSection
	GlobalSection(SolutionProperties) = preSolution
		HideSolutionNode = FALSE
	EndGlobalSection
	GlobalSection(ExtensibilityGlobals) = postSolution
		SolutionGuid = {B5BDC1F9-7F15-4BB6-962B-8833D1C6BE13}
	EndGlobalSection
EndGlobal
