
Microsoft Visual Studio Solution File, Format Version 12.00
# Visual Studio 15
VisualStudioVersion = 15.0.28010.2016
MinimumVisualStudioVersion = 10.0.40219.1
Project("{2150E333-8FDC-42A3-9474-1A3956D46DE8}") = ".paket", ".paket", "{11F7E132-B586-4A81-9E0C-1029E184CDD1}"
	ProjectSection(SolutionItems) = preProject
		.gitignore = .gitignore
		appveyor.yml = appveyor.yml
		paket.dependencies = paket.dependencies
		paket.lock = paket.lock
		.paket\Readme.paket.md = .paket\Readme.paket.md
	EndProjectSection
EndProject
Project("{FAE04EC0-301F-11D3-BF4B-00C04F79EFBC}") = "Gu.Xml", "Gu.Xml\Gu.Xml.csproj", "{3D727659-3365-4ED4-B8AA-E853DFE8177B}"
EndProject
Global
	GlobalSection(SolutionConfigurationPlatforms) = preSolution
		Debug|Any CPU = Debug|Any CPU
		Release|Any CPU = Release|Any CPU
	EndGlobalSection
	GlobalSection(ProjectConfigurationPlatforms) = postSolution
		{3D727659-3365-4ED4-B8AA-E853DFE8177B}.Debug|Any CPU.ActiveCfg = Debug|Any CPU
		{3D727659-3365-4ED4-B8AA-E853DFE8177B}.Debug|Any CPU.Build.0 = Debug|Any CPU
		{3D727659-3365-4ED4-B8AA-E853DFE8177B}.Release|Any CPU.ActiveCfg = Release|Any CPU
		{3D727659-3365-4ED4-B8AA-E853DFE8177B}.Release|Any CPU.Build.0 = Release|Any CPU
	EndGlobalSection
	GlobalSection(SolutionProperties) = preSolution
		HideSolutionNode = FALSE
	EndGlobalSection
	GlobalSection(ExtensibilityGlobals) = postSolution
		SolutionGuid = {B5BDC1F9-7F15-4BB6-962B-8833D1C6BE13}
	EndGlobalSection
EndGlobal
