
Microsoft Visual Studio Solution File, Format Version 12.00
# Visual Studio 15
VisualStudioVersion = 15.0.28010.2016
MinimumVisualStudioVersion = 10.0.40219.1
Project("{FAE04EC0-301F-11D3-BF4B-00C04F79EFBC}") = "Gu.Xml", "Gu.Xml\Gu.Xml.csproj", "{3D727659-3365-4ED4-B8AA-E853DFE8177B}"
EndProject
Global
	GlobalSection(SolutionConfigurationPlatforms) = preSolution
		Debug|Any CPU = Debug|Any CPU
		Release|Any CPU = Release|Any CPU
	EndGlobalSection
	GlobalSection(ProjectConfigurationPlatforms) = postSolution
		{3D727659-3365-4ED4-B8AA-E853DFE8177B}.Debug|Any CPU.ActiveCfg = Debug|Any CPU
		{3D727659-3365-4ED4-B8AA-E853DFE8177B}.Debug|Any CPU.Build.0 = Debug|Any CPU
		{3D727659-3365-4ED4-B8AA-E853DFE8177B}.Release|Any CPU.ActiveCfg = Release|Any CPU
		{3D727659-3365-4ED4-B8AA-E853DFE8177B}.Release|Any CPU.Build.0 = Release|Any CPU
	EndGlobalSection
	GlobalSection(SolutionProperties) = preSolution
		HideSolutionNode = FALSE
	EndGlobalSection
	GlobalSection(ExtensibilityGlobals) = postSolution
		SolutionGuid = {B5BDC1F9-7F15-4BB6-962B-8833D1C6BE13}
	EndGlobalSection
EndGlobal
